
Microsoft Visual Studio Solution File, Format Version 12.00
# Visual Studio Version 16
VisualStudioVersion = 16.0.29102.190
MinimumVisualStudioVersion = 10.0.40219.1
Project("{FAE04EC0-301F-11D3-BF4B-00C04F79EFBC}") = "TrainingApi", "TrainingApi.csproj", "{DC92BD0E-637A-4F21-AA35-50F8848C1182}"
EndProject
Project("{FAE04EC0-301F-11D3-BF4B-00C04F79EFBC}") = "TrainingApi.Tests", "..\TrainingApi.Tests\TrainingApi.Tests.csproj", "{318E4FD3-C24E-42F1-917C-2BC494BE2899}"
EndProject
Global
	GlobalSection(SolutionConfigurationPlatforms) = preSolution
		Debug|Any CPU = Debug|Any CPU
		Release|Any CPU = Release|Any CPU
	EndGlobalSection
	GlobalSection(ProjectConfigurationPlatforms) = postSolution
		{DC92BD0E-637A-4F21-AA35-50F8848C1182}.Debug|Any CPU.ActiveCfg = Debug|Any CPU
		{DC92BD0E-637A-4F21-AA35-50F8848C1182}.Debug|Any CPU.Build.0 = Debug|Any CPU
		{DC92BD0E-637A-4F21-AA35-50F8848C1182}.Release|Any CPU.ActiveCfg = Release|Any CPU
		{DC92BD0E-637A-4F21-AA35-50F8848C1182}.Release|Any CPU.Build.0 = Release|Any CPU
		{318E4FD3-C24E-42F1-917C-2BC494BE2899}.Debug|Any CPU.ActiveCfg = Debug|Any CPU
		{318E4FD3-C24E-42F1-917C-2BC494BE2899}.Debug|Any CPU.Build.0 = Debug|Any CPU
		{318E4FD3-C24E-42F1-917C-2BC494BE2899}.Release|Any CPU.ActiveCfg = Release|Any CPU
		{318E4FD3-C24E-42F1-917C-2BC494BE2899}.Release|Any CPU.Build.0 = Release|Any CPU
	EndGlobalSection
	GlobalSection(SolutionProperties) = preSolution
		HideSolutionNode = FALSE
	EndGlobalSection
	GlobalSection(ExtensibilityGlobals) = postSolution
		SolutionGuid = {BEC97883-CEC8-4A58-A074-D7BD5B82A9B0}
	EndGlobalSection
EndGlobal
